
Microsoft Visual Studio Solution File, Format Version 12.00
# Visual Studio 15
VisualStudioVersion = 15.0.27130.2036
MinimumVisualStudioVersion = 10.0.40219.1
Project("{FAE04EC0-301F-11D3-BF4B-00C04F79EFBC}") = "AppManager", "AppManager\AppManager.csproj", "{DB73AD8D-C38E-4620-8302-08A3EEE150CF}"
EndProject
Project("{FAE04EC0-301F-11D3-BF4B-00C04F79EFBC}") = "AppManager.Core", "AppManager.Core\AppManager.Core.csproj", "{E8F33D7D-4797-47C7-8DBA-815BD8AFFE9F}"
EndProject
Project("{FAE04EC0-301F-11D3-BF4B-00C04F79EFBC}") = "AppManager.Test", "AppManager.Test\AppManager.Test.csproj", "{691697B1-C886-442C-BC42-077ACD4ACBE1}"
EndProject
Project("{FAE04EC0-301F-11D3-BF4B-00C04F79EFBC}") = "AppManager.Data", "AppManager.Data\AppManager.Data.csproj", "{AE88010D-94CC-4945-8098-EB553EE73004}"
EndProject
Project("{2150E333-8FDC-42A3-9474-1A3956D46DE8}") = "AppManager.Docs", "AppManager.Docs", "{D80A8CFD-1930-4E8D-8A26-8D85F3E0816F}"
	ProjectSection(SolutionItems) = preProject
		AppManager.Docs\AppManager_Modelo_Logico.ldm = AppManager.Docs\AppManager_Modelo_Logico.ldm
	EndProjectSection
EndProject
Global
	GlobalSection(SolutionConfigurationPlatforms) = preSolution
		Debug|Any CPU = Debug|Any CPU
		Release|Any CPU = Release|Any CPU
	EndGlobalSection
	GlobalSection(ProjectConfigurationPlatforms) = postSolution
		{DB73AD8D-C38E-4620-8302-08A3EEE150CF}.Debug|Any CPU.ActiveCfg = Debug|Any CPU
		{DB73AD8D-C38E-4620-8302-08A3EEE150CF}.Debug|Any CPU.Build.0 = Debug|Any CPU
		{DB73AD8D-C38E-4620-8302-08A3EEE150CF}.Release|Any CPU.ActiveCfg = Release|Any CPU
		{DB73AD8D-C38E-4620-8302-08A3EEE150CF}.Release|Any CPU.Build.0 = Release|Any CPU
		{E8F33D7D-4797-47C7-8DBA-815BD8AFFE9F}.Debug|Any CPU.ActiveCfg = Debug|Any CPU
		{E8F33D7D-4797-47C7-8DBA-815BD8AFFE9F}.Debug|Any CPU.Build.0 = Debug|Any CPU
		{E8F33D7D-4797-47C7-8DBA-815BD8AFFE9F}.Release|Any CPU.ActiveCfg = Release|Any CPU
		{E8F33D7D-4797-47C7-8DBA-815BD8AFFE9F}.Release|Any CPU.Build.0 = Release|Any CPU
		{691697B1-C886-442C-BC42-077ACD4ACBE1}.Debug|Any CPU.ActiveCfg = Debug|Any CPU
		{691697B1-C886-442C-BC42-077ACD4ACBE1}.Debug|Any CPU.Build.0 = Debug|Any CPU
		{691697B1-C886-442C-BC42-077ACD4ACBE1}.Release|Any CPU.ActiveCfg = Release|Any CPU
		{691697B1-C886-442C-BC42-077ACD4ACBE1}.Release|Any CPU.Build.0 = Release|Any CPU
		{AE88010D-94CC-4945-8098-EB553EE73004}.Debug|Any CPU.ActiveCfg = Debug|Any CPU
		{AE88010D-94CC-4945-8098-EB553EE73004}.Debug|Any CPU.Build.0 = Debug|Any CPU
		{AE88010D-94CC-4945-8098-EB553EE73004}.Release|Any CPU.ActiveCfg = Release|Any CPU
		{AE88010D-94CC-4945-8098-EB553EE73004}.Release|Any CPU.Build.0 = Release|Any CPU
	EndGlobalSection
	GlobalSection(SolutionProperties) = preSolution
		HideSolutionNode = FALSE
	EndGlobalSection
	GlobalSection(ExtensibilityGlobals) = postSolution
		SolutionGuid = {F5C8DC1A-38C0-4BD7-8985-4A672679015D}
		EnterpriseLibraryConfigurationToolBinariesPath = packages\Unity.2.1.505.2\lib\NET35
	EndGlobalSection
EndGlobal
